
Microsoft Visual Studio Solution File, Format Version 12.00
# Visual Studio Version 18
VisualStudioVersion = 18.0.11222.15
MinimumVisualStudioVersion = 10.0.40219.1
Project("{FAE04EC0-301F-11D3-BF4B-00C04F79EFBC}") = "SystemLibrary.Common.Framework.Net", "systemlibrary.common.framework.net\SystemLibrary.Common.Framework.Net.csproj", "{83192425-1726-4FD5-D8BC-0D17978D03EE}"
EndProject
Project("{FAE04EC0-301F-11D3-BF4B-00C04F79EFBC}") = "SystemLibrary.Common.Framework.Net.Tests", "systemlibrary.common.framework.net.tests\SystemLibrary.Common.Framework.Net.Tests.csproj", "{4A7AFFE7-C825-85BC-928D-D36D15157EB9}"
EndProject
Project("{FAE04EC0-301F-11D3-BF4B-00C04F79EFBC}") = "SystemLibrary.Common.Framework.Net.Benchmarks", "systemlibrary.common.framework.net.benchmarks\SystemLibrary.Common.Framework.Net.Benchmarks.csproj", "{AA4EFB8D-BF4B-8375-9892-EF0BAFB398BB}"
EndProject
Project("{2150E333-8FDC-42A3-9474-1A3956D46DE8}") = "Benchmarks", "Benchmarks", "{8DAC227C-62FB-4A8A-ADBD-5A9A11556C96}"
EndProject
Project("{FAE04EC0-301F-11D3-BF4B-00C04F79EFBC}") = "SystemLibrary.Common.Framework.Base.Tests", "systemlibrary.common.framework.base.tests\SystemLibrary.Common.Framework.Base.Tests.csproj", "{50411218-88C9-4452-65CC-D3D1C62F69FC}"
EndProject
Global
	GlobalSection(SolutionConfigurationPlatforms) = preSolution
		Debug|Any CPU = Debug|Any CPU
		Release|Any CPU = Release|Any CPU
	EndGlobalSection
	GlobalSection(ProjectConfigurationPlatforms) = postSolution
		{83192425-1726-4FD5-D8BC-0D17978D03EE}.Debug|Any CPU.ActiveCfg = Debug|Any CPU
		{83192425-1726-4FD5-D8BC-0D17978D03EE}.Debug|Any CPU.Build.0 = Debug|Any CPU
		{83192425-1726-4FD5-D8BC-0D17978D03EE}.Release|Any CPU.ActiveCfg = Release|Any CPU
		{83192425-1726-4FD5-D8BC-0D17978D03EE}.Release|Any CPU.Build.0 = Release|Any CPU
		{4A7AFFE7-C825-85BC-928D-D36D15157EB9}.Debug|Any CPU.ActiveCfg = Release|Any CPU
		{4A7AFFE7-C825-85BC-928D-D36D15157EB9}.Debug|Any CPU.Build.0 = Release|Any CPU
		{4A7AFFE7-C825-85BC-928D-D36D15157EB9}.Release|Any CPU.ActiveCfg = Release|Any CPU
		{4A7AFFE7-C825-85BC-928D-D36D15157EB9}.Release|Any CPU.Build.0 = Release|Any CPU
		{AA4EFB8D-BF4B-8375-9892-EF0BAFB398BB}.Debug|Any CPU.ActiveCfg = Release|Any CPU
		{AA4EFB8D-BF4B-8375-9892-EF0BAFB398BB}.Debug|Any CPU.Build.0 = Release|Any CPU
		{AA4EFB8D-BF4B-8375-9892-EF0BAFB398BB}.Release|Any CPU.ActiveCfg = Release|Any CPU
		{AA4EFB8D-BF4B-8375-9892-EF0BAFB398BB}.Release|Any CPU.Build.0 = Release|Any CPU
		{50411218-88C9-4452-65CC-D3D1C62F69FC}.Debug|Any CPU.ActiveCfg = Debug|Any CPU
		{50411218-88C9-4452-65CC-D3D1C62F69FC}.Debug|Any CPU.Build.0 = Debug|Any CPU
		{50411218-88C9-4452-65CC-D3D1C62F69FC}.Release|Any CPU.ActiveCfg = Release|Any CPU
		{50411218-88C9-4452-65CC-D3D1C62F69FC}.Release|Any CPU.Build.0 = Release|Any CPU
	EndGlobalSection
	GlobalSection(SolutionProperties) = preSolution
		HideSolutionNode = FALSE
	EndGlobalSection
	GlobalSection(NestedProjects) = preSolution
		{AA4EFB8D-BF4B-8375-9892-EF0BAFB398BB} = {8DAC227C-62FB-4A8A-ADBD-5A9A11556C96}
	EndGlobalSection
	GlobalSection(ExtensibilityGlobals) = postSolution
		SolutionGuid = {B8390EF5-99C5-4938-94B2-E1202956C91C}
	EndGlobalSection
EndGlobal
